// !$*UTF8*$!
{
	archiveVersion = 1;
	classes = {
	};
	objectVersion = 46;
	objects = {

/* Begin PBXBuildFile section */
		18228C26653146DACCA21B5B /* libPods.a in Frameworks */ = {isa = PBXBuildFile; fileRef = 40335F3894C91927C395541F /* libPods.a */; };
		E808D9011B47A408003F1C02 /* GradientView.swift in Sources */ = {isa = PBXBuildFile; fileRef = E808D9001B47A408003F1C02 /* GradientView.swift */; };
		E80B60B31B538088006136EA /* EmergencyContactListViewController.swift in Sources */ = {isa = PBXBuildFile; fileRef = E80B60B21B538088006136EA /* EmergencyContactListViewController.swift */; };
		E80EF0A21B61A10800947DC0 /* AppointmentDetailTableViewCell.swift in Sources */ = {isa = PBXBuildFile; fileRef = E80EF0A11B61A10800947DC0 /* AppointmentDetailTableViewCell.swift */; };
		E80EF0A41B61BD9700947DC0 /* UserAppointmentDetailViewController.swift in Sources */ = {isa = PBXBuildFile; fileRef = E80EF0A31B61BD9700947DC0 /* UserAppointmentDetailViewController.swift */; };
		E82A5F0A1B45902C00620154 /* AppDelegate.swift in Sources */ = {isa = PBXBuildFile; fileRef = E82A5F091B45902C00620154 /* AppDelegate.swift */; };
		E82A5F111B45902C00620154 /* Main.storyboard in Resources */ = {isa = PBXBuildFile; fileRef = E82A5F0F1B45902C00620154 /* Main.storyboard */; };
		E82A5F131B45902C00620154 /* Images.xcassets in Resources */ = {isa = PBXBuildFile; fileRef = E82A5F121B45902C00620154 /* Images.xcassets */; };
		E82A5F161B45902C00620154 /* LaunchScreen.xib in Resources */ = {isa = PBXBuildFile; fileRef = E82A5F141B45902C00620154 /* LaunchScreen.xib */; };
		E82A5F221B45902C00620154 /* CarPoolProjectTests.swift in Sources */ = {isa = PBXBuildFile; fileRef = E82A5F211B45902C00620154 /* CarPoolProjectTests.swift */; };
		E82A5F9B1B45DC6200620154 /* MapViewController.swift in Sources */ = {isa = PBXBuildFile; fileRef = E82A5F9A1B45DC6200620154 /* MapViewController.swift */; };
		E82A5F9D1B45E47C00620154 /* BulletinTableViewController.swift in Sources */ = {isa = PBXBuildFile; fileRef = E82A5F9C1B45E47C00620154 /* BulletinTableViewController.swift */; };
		E82A5FB91B45E51A00620154 /* CVAuxiliaryView.swift in Sources */ = {isa = PBXBuildFile; fileRef = E82A5F9F1B45E51A00620154 /* CVAuxiliaryView.swift */; };
		E82A5FBA1B45E51A00620154 /* CVCalendarContentViewController.swift in Sources */ = {isa = PBXBuildFile; fileRef = E82A5FA01B45E51A00620154 /* CVCalendarContentViewController.swift */; };
		E82A5FBB1B45E51A00620154 /* CVCalendarDayView.swift in Sources */ = {isa = PBXBuildFile; fileRef = E82A5FA11B45E51A00620154 /* CVCalendarDayView.swift */; };
		E82A5FBC1B45E51A00620154 /* CVCalendarDayViewControlCoordinator.swift in Sources */ = {isa = PBXBuildFile; fileRef = E82A5FA21B45E51A00620154 /* CVCalendarDayViewControlCoordinator.swift */; };
		E82A5FBD1B45E51A00620154 /* CVCalendarManager.swift in Sources */ = {isa = PBXBuildFile; fileRef = E82A5FA31B45E51A00620154 /* CVCalendarManager.swift */; };
		E82A5FBE1B45E51A00620154 /* CVCalendarMenuView.swift in Sources */ = {isa = PBXBuildFile; fileRef = E82A5FA41B45E51A00620154 /* CVCalendarMenuView.swift */; };
		E82A5FBF1B45E51A00620154 /* CVCalendarMenuViewDelegate.swift in Sources */ = {isa = PBXBuildFile; fileRef = E82A5FA51B45E51A00620154 /* CVCalendarMenuViewDelegate.swift */; };
		E82A5FC01B45E51A00620154 /* CVCalendarMonthContentViewController.swift in Sources */ = {isa = PBXBuildFile; fileRef = E82A5FA61B45E51A00620154 /* CVCalendarMonthContentViewController.swift */; };
		E82A5FC11B45E51A00620154 /* CVCalendarMonthView.swift in Sources */ = {isa = PBXBuildFile; fileRef = E82A5FA71B45E51A00620154 /* CVCalendarMonthView.swift */; };
		E82A5FC21B45E51A00620154 /* CVCalendarTouchController.swift in Sources */ = {isa = PBXBuildFile; fileRef = E82A5FA81B45E51A00620154 /* CVCalendarTouchController.swift */; };
		E82A5FC31B45E51A00620154 /* CVCalendarView.swift in Sources */ = {isa = PBXBuildFile; fileRef = E82A5FA91B45E51A00620154 /* CVCalendarView.swift */; };
		E82A5FC41B45E51A00620154 /* CVCalendarViewAnimator.swift in Sources */ = {isa = PBXBuildFile; fileRef = E82A5FAA1B45E51A00620154 /* CVCalendarViewAnimator.swift */; };
		E82A5FC51B45E51A00620154 /* CVCalendarViewAnimatorDelegate.swift in Sources */ = {isa = PBXBuildFile; fileRef = E82A5FAB1B45E51A00620154 /* CVCalendarViewAnimatorDelegate.swift */; };
		E82A5FC61B45E51A00620154 /* CVCalendarViewAppearance.swift in Sources */ = {isa = PBXBuildFile; fileRef = E82A5FAC1B45E51A00620154 /* CVCalendarViewAppearance.swift */; };
		E82A5FC71B45E51A00620154 /* CVCalendarViewAppearanceDelegate.swift in Sources */ = {isa = PBXBuildFile; fileRef = E82A5FAD1B45E51A00620154 /* CVCalendarViewAppearanceDelegate.swift */; };
		E82A5FC81B45E51A00620154 /* CVCalendarViewDelegate.swift in Sources */ = {isa = PBXBuildFile; fileRef = E82A5FAE1B45E51A00620154 /* CVCalendarViewDelegate.swift */; };
		E82A5FC91B45E51A00620154 /* CVCalendarViewPresentationMode.swift in Sources */ = {isa = PBXBuildFile; fileRef = E82A5FAF1B45E51A00620154 /* CVCalendarViewPresentationMode.swift */; };
		E82A5FCA1B45E51A00620154 /* CVCalendarWeekContentViewController.swift in Sources */ = {isa = PBXBuildFile; fileRef = E82A5FB01B45E51A00620154 /* CVCalendarWeekContentViewController.swift */; };
		E82A5FCB1B45E51A00620154 /* CVCalendarWeekday.swift in Sources */ = {isa = PBXBuildFile; fileRef = E82A5FB11B45E51A00620154 /* CVCalendarWeekday.swift */; };
		E82A5FCC1B45E51A00620154 /* CVCalendarWeekView.swift in Sources */ = {isa = PBXBuildFile; fileRef = E82A5FB21B45E51A00620154 /* CVCalendarWeekView.swift */; };
		E82A5FCD1B45E51A00620154 /* CVDate.swift in Sources */ = {isa = PBXBuildFile; fileRef = E82A5FB31B45E51A00620154 /* CVDate.swift */; };
		E82A5FCE1B45E51A00620154 /* CVRange.swift in Sources */ = {isa = PBXBuildFile; fileRef = E82A5FB41B45E51A00620154 /* CVRange.swift */; };
		E82A5FCF1B45E51A00620154 /* CVScrollDirection.swift in Sources */ = {isa = PBXBuildFile; fileRef = E82A5FB51B45E51A00620154 /* CVScrollDirection.swift */; };
		E82A5FD01B45E51A00620154 /* CVSelectionType.swift in Sources */ = {isa = PBXBuildFile; fileRef = E82A5FB61B45E51A00620154 /* CVSelectionType.swift */; };
		E82A5FD11B45E51A00620154 /* CVSet.swift in Sources */ = {isa = PBXBuildFile; fileRef = E82A5FB71B45E51A00620154 /* CVSet.swift */; };
		E82A5FD21B45E51A00620154 /* CVShape.swift in Sources */ = {isa = PBXBuildFile; fileRef = E82A5FB81B45E51A00620154 /* CVShape.swift */; };
		E82A5FD51B46222600620154 /* DashboardTableViewCell.swift in Sources */ = {isa = PBXBuildFile; fileRef = E82A5FD41B46222600620154 /* DashboardTableViewCell.swift */; };
		E82A5FD81B462A2C00620154 /* RailsRequest.swift in Sources */ = {isa = PBXBuildFile; fileRef = E82A5FD71B462A2C00620154 /* RailsRequest.swift */; };
		E82DBD9F1B50051300130026 /* ChildrenTableViewCell.swift in Sources */ = {isa = PBXBuildFile; fileRef = E82DBD9E1B50051300130026 /* ChildrenTableViewCell.swift */; };
		E83CFB751B5B2808007FACDC /* UserAppointmentViewController.swift in Sources */ = {isa = PBXBuildFile; fileRef = E83CFB741B5B2808007FACDC /* UserAppointmentViewController.swift */; };
		E83CFB771B5B606D007FACDC /* CarpoolAppointmentViewController.swift in Sources */ = {isa = PBXBuildFile; fileRef = E83CFB761B5B606D007FACDC /* CarpoolAppointmentViewController.swift */; };
		E83CFB791B5B779C007FACDC /* CarpoolAppointmentTableViewCell.swift in Sources */ = {isa = PBXBuildFile; fileRef = E83CFB781B5B779C007FACDC /* CarpoolAppointmentTableViewCell.swift */; };
		E83CFB7B1B5BFF27007FACDC /* CarpoolAppointmentDetailViewController.swift in Sources */ = {isa = PBXBuildFile; fileRef = E83CFB7A1B5BFF27007FACDC /* CarpoolAppointmentDetailViewController.swift */; };
		E83CFB7D1B5BFFC8007FACDC /* JoinAppointmentViewController.swift in Sources */ = {isa = PBXBuildFile; fileRef = E83CFB7C1B5BFFC8007FACDC /* JoinAppointmentViewController.swift */; };
		E83CFB7F1B5C0223007FACDC /* JoinAppointmentTableViewCell.swift in Sources */ = {isa = PBXBuildFile; fileRef = E83CFB7E1B5C0223007FACDC /* JoinAppointmentTableViewCell.swift */; };
		E83CFB811B5C3B9C007FACDC /* CarpoolBulletinTableViewCell.swift in Sources */ = {isa = PBXBuildFile; fileRef = E83CFB801B5C3B9C007FACDC /* CarpoolBulletinTableViewCell.swift */; };
		E83CFB831B5C3C71007FACDC /* CarpoolBulletionViewController.swift in Sources */ = {isa = PBXBuildFile; fileRef = E83CFB821B5C3C71007FACDC /* CarpoolBulletionViewController.swift */; };
		E83CFB851B5C4AC6007FACDC /* CreatePostViewController.swift in Sources */ = {isa = PBXBuildFile; fileRef = E83CFB841B5C4AC6007FACDC /* CreatePostViewController.swift */; };
		E840D92C1B56F4EE003B81F5 /* CarpoolUserTableViewCell.swift in Sources */ = {isa = PBXBuildFile; fileRef = E840D92B1B56F4EE003B81F5 /* CarpoolUserTableViewCell.swift */; };
		E84888851B5762DB00E26E35 /* InvitationTableViewCell.swift in Sources */ = {isa = PBXBuildFile; fileRef = E84888841B5762DB00E26E35 /* InvitationTableViewCell.swift */; };
		E84888871B589B2200E26E35 /* DashboardViewController.swift in Sources */ = {isa = PBXBuildFile; fileRef = E84888861B589B2200E26E35 /* DashboardViewController.swift */; };
		E85370051B5404550052256D /* EmergencyContactTableViewCell.swift in Sources */ = {isa = PBXBuildFile; fileRef = E85370041B5404550052256D /* EmergencyContactTableViewCell.swift */; };
		E85370071B5404680052256D /* UserContactTableViewCell.swift in Sources */ = {isa = PBXBuildFile; fileRef = E85370061B5404680052256D /* UserContactTableViewCell.swift */; };
		E85C062F1B5340D00030F4B9 /* UpdateUserContactsViewController.swift in Sources */ = {isa = PBXBuildFile; fileRef = E85C062E1B5340D00030F4B9 /* UpdateUserContactsViewController.swift */; };
		E85C06311B53440D0030F4B9 /* UpdateChildContactViewController.swift in Sources */ = {isa = PBXBuildFile; fileRef = E85C06301B53440D0030F4B9 /* UpdateChildContactViewController.swift */; };
		E85C06331B5344270030F4B9 /* UpdateMedicalViewController.swift in Sources */ = {isa = PBXBuildFile; fileRef = E85C06321B5344270030F4B9 /* UpdateMedicalViewController.swift */; };
		E86DCE921B4849E500BAE3AD /* CreateCarPoolButton.swift in Sources */ = {isa = PBXBuildFile; fileRef = E86DCE911B4849E500BAE3AD /* CreateCarPoolButton.swift */; };
		E86DCE9D1B48979C00BAE3AD /* CarpoolDetailViewController.swift in Sources */ = {isa = PBXBuildFile; fileRef = E86DCE9C1B48979C00BAE3AD /* CarpoolDetailViewController.swift */; };
		E86DCEA01B48A82100BAE3AD /* BulletinTableViewCell.swift in Sources */ = {isa = PBXBuildFile; fileRef = E86DCE9F1B48A82100BAE3AD /* BulletinTableViewCell.swift */; };
		E877249D1B4DA1B400117484 /* CarPoolTabBarController.swift in Sources */ = {isa = PBXBuildFile; fileRef = E877249C1B4DA1B400117484 /* CarPoolTabBarController.swift */; };
		E877249F1B4E10EA00117484 /* SettingsViewController.swift in Sources */ = {isa = PBXBuildFile; fileRef = E877249E1B4E10EA00117484 /* SettingsViewController.swift */; };
		E87724A11B4E218900117484 /* CreateChildViewController.swift in Sources */ = {isa = PBXBuildFile; fileRef = E87724A01B4E218900117484 /* CreateChildViewController.swift */; };
		E87724A31B4E53B300117484 /* UpdateChildViewController.swift in Sources */ = {isa = PBXBuildFile; fileRef = E87724A21B4E53B300117484 /* UpdateChildViewController.swift */; };
		E8AAF5F21B52D5FD0097510B /* UserContactsViewController.swift in Sources */ = {isa = PBXBuildFile; fileRef = E8AAF5F11B52D5FD0097510B /* UserContactsViewController.swift */; };
		E8AAF5F41B52DB600097510B /* CreateUserContactsViewController.swift in Sources */ = {isa = PBXBuildFile; fileRef = E8AAF5F31B52DB600097510B /* CreateUserContactsViewController.swift */; };
		E8B19D351B5ACF1E000810C9 /* UserAppointmentTableViewCell.swift in Sources */ = {isa = PBXBuildFile; fileRef = E8B19D341B5ACF1E000810C9 /* UserAppointmentTableViewCell.swift */; };
		E8B28F461B49908A00BA7C57 /* WelcomeViewController.swift in Sources */ = {isa = PBXBuildFile; fileRef = E8B28F451B49908A00BA7C57 /* WelcomeViewController.swift */; };
		E8B28F4C1B49A96700BA7C57 /* LoginViewController.swift in Sources */ = {isa = PBXBuildFile; fileRef = E8B28F4B1B49A96700BA7C57 /* LoginViewController.swift */; };
		E8B28F4E1B49A97900BA7C57 /* SignupViewController.swift in Sources */ = {isa = PBXBuildFile; fileRef = E8B28F4D1B49A97900BA7C57 /* SignupViewController.swift */; };
		E8B7F9181B51897F009E1FCE /* MedicalViewController.swift in Sources */ = {isa = PBXBuildFile; fileRef = E8B7F9171B51897F009E1FCE /* MedicalViewController.swift */; };
		E8B7F91A1B51FB38009E1FCE /* EmergencyContactsViewController.swift in Sources */ = {isa = PBXBuildFile; fileRef = E8B7F9191B51FB38009E1FCE /* EmergencyContactsViewController.swift */; };
		E8C3F5641B561AB7001AC50D /* CarpoolUserViewController.swift in Sources */ = {isa = PBXBuildFile; fileRef = E8C3F5631B561AB7001AC50D /* CarpoolUserViewController.swift */; };
		E8C3F5661B561B6F001AC50D /* AnswerInvitesViewController.swift in Sources */ = {isa = PBXBuildFile; fileRef = E8C3F5651B561B6F001AC50D /* AnswerInvitesViewController.swift */; };
		E8C3F5681B561E9B001AC50D /* InviteDetailViewController.swift in Sources */ = {isa = PBXBuildFile; fileRef = E8C3F5671B561E9B001AC50D /* InviteDetailViewController.swift */; };
		E8C3F56A1B562045001AC50D /* CreateAppointmentViewController.swift in Sources */ = {isa = PBXBuildFile; fileRef = E8C3F5691B562045001AC50D /* CreateAppointmentViewController.swift */; };
		E8F1B22D1B49B82100096328 /* GoogleService-Info.plist in Resources */ = {isa = PBXBuildFile; fileRef = E8F1B22C1B49B82100096328 /* GoogleService-Info.plist */; };
		E8F1B22E1B49B82100096328 /* GoogleService-Info.plist in Resources */ = {isa = PBXBuildFile; fileRef = E8F1B22C1B49B82100096328 /* GoogleService-Info.plist */; };
/* End PBXBuildFile section */

/* Begin PBXContainerItemProxy section */
		E82A5F1C1B45902C00620154 /* PBXContainerItemProxy */ = {
			isa = PBXContainerItemProxy;
			containerPortal = E82A5EFC1B45902C00620154 /* Project object */;
			proxyType = 1;
			remoteGlobalIDString = E82A5F031B45902C00620154;
			remoteInfo = CarPoolProject;
		};
/* End PBXContainerItemProxy section */

/* Begin PBXFileReference section */
		40335F3894C91927C395541F /* libPods.a */ = {isa = PBXFileReference; explicitFileType = archive.ar; includeInIndex = 0; path = libPods.a; sourceTree = BUILT_PRODUCTS_DIR; };
		7069607831A9A7C1A062AEA6 /* Pods.debug.xcconfig */ = {isa = PBXFileReference; includeInIndex = 1; lastKnownFileType = text.xcconfig; name = Pods.debug.xcconfig; path = "Pods/Target Support Files/Pods/Pods.debug.xcconfig"; sourceTree = "<group>"; };
		79F5BCC920DE6482DB83D350 /* Pods.release.xcconfig */ = {isa = PBXFileReference; includeInIndex = 1; lastKnownFileType = text.xcconfig; name = Pods.release.xcconfig; path = "Pods/Target Support Files/Pods/Pods.release.xcconfig"; sourceTree = "<group>"; };
		E808D9001B47A408003F1C02 /* GradientView.swift */ = {isa = PBXFileReference; fileEncoding = 4; lastKnownFileType = sourcecode.swift; path = GradientView.swift; sourceTree = "<group>"; };
		E80B60B21B538088006136EA /* EmergencyContactListViewController.swift */ = {isa = PBXFileReference; fileEncoding = 4; lastKnownFileType = sourcecode.swift; path = EmergencyContactListViewController.swift; sourceTree = "<group>"; };
		E80EF0A11B61A10800947DC0 /* AppointmentDetailTableViewCell.swift */ = {isa = PBXFileReference; fileEncoding = 4; lastKnownFileType = sourcecode.swift; path = AppointmentDetailTableViewCell.swift; sourceTree = "<group>"; };
		E80EF0A31B61BD9700947DC0 /* UserAppointmentDetailViewController.swift */ = {isa = PBXFileReference; fileEncoding = 4; lastKnownFileType = sourcecode.swift; path = UserAppointmentDetailViewController.swift; sourceTree = "<group>"; };
		E82A5F041B45902C00620154 /* CarPoolProject.app */ = {isa = PBXFileReference; explicitFileType = wrapper.application; includeInIndex = 0; path = CarPoolProject.app; sourceTree = BUILT_PRODUCTS_DIR; };
		E82A5F081B45902C00620154 /* Info.plist */ = {isa = PBXFileReference; lastKnownFileType = text.plist.xml; path = Info.plist; sourceTree = "<group>"; };
		E82A5F091B45902C00620154 /* AppDelegate.swift */ = {isa = PBXFileReference; lastKnownFileType = sourcecode.swift; path = AppDelegate.swift; sourceTree = "<group>"; };
		E82A5F101B45902C00620154 /* Base */ = {isa = PBXFileReference; lastKnownFileType = file.storyboard; name = Base; path = Base.lproj/Main.storyboard; sourceTree = "<group>"; };
		E82A5F121B45902C00620154 /* Images.xcassets */ = {isa = PBXFileReference; lastKnownFileType = folder.assetcatalog; path = Images.xcassets; sourceTree = "<group>"; };
		E82A5F151B45902C00620154 /* Base */ = {isa = PBXFileReference; lastKnownFileType = file.xib; name = Base; path = Base.lproj/LaunchScreen.xib; sourceTree = "<group>"; };
		E82A5F1B1B45902C00620154 /* CarPoolProjectTests.xctest */ = {isa = PBXFileReference; explicitFileType = wrapper.cfbundle; includeInIndex = 0; path = CarPoolProjectTests.xctest; sourceTree = BUILT_PRODUCTS_DIR; };
		E82A5F201B45902C00620154 /* Info.plist */ = {isa = PBXFileReference; lastKnownFileType = text.plist.xml; path = Info.plist; sourceTree = "<group>"; };
		E82A5F211B45902C00620154 /* CarPoolProjectTests.swift */ = {isa = PBXFileReference; lastKnownFileType = sourcecode.swift; path = CarPoolProjectTests.swift; sourceTree = "<group>"; };
		E82A5F9A1B45DC6200620154 /* MapViewController.swift */ = {isa = PBXFileReference; fileEncoding = 4; lastKnownFileType = sourcecode.swift; path = MapViewController.swift; sourceTree = "<group>"; };
		E82A5F9C1B45E47C00620154 /* BulletinTableViewController.swift */ = {isa = PBXFileReference; fileEncoding = 4; lastKnownFileType = sourcecode.swift; path = BulletinTableViewController.swift; sourceTree = "<group>"; };
		E82A5F9F1B45E51A00620154 /* CVAuxiliaryView.swift */ = {isa = PBXFileReference; fileEncoding = 4; lastKnownFileType = sourcecode.swift; path = CVAuxiliaryView.swift; sourceTree = "<group>"; };
		E82A5FA01B45E51A00620154 /* CVCalendarContentViewController.swift */ = {isa = PBXFileReference; fileEncoding = 4; lastKnownFileType = sourcecode.swift; path = CVCalendarContentViewController.swift; sourceTree = "<group>"; };
		E82A5FA11B45E51A00620154 /* CVCalendarDayView.swift */ = {isa = PBXFileReference; fileEncoding = 4; lastKnownFileType = sourcecode.swift; path = CVCalendarDayView.swift; sourceTree = "<group>"; };
		E82A5FA21B45E51A00620154 /* CVCalendarDayViewControlCoordinator.swift */ = {isa = PBXFileReference; fileEncoding = 4; lastKnownFileType = sourcecode.swift; path = CVCalendarDayViewControlCoordinator.swift; sourceTree = "<group>"; };
		E82A5FA31B45E51A00620154 /* CVCalendarManager.swift */ = {isa = PBXFileReference; fileEncoding = 4; lastKnownFileType = sourcecode.swift; path = CVCalendarManager.swift; sourceTree = "<group>"; };
		E82A5FA41B45E51A00620154 /* CVCalendarMenuView.swift */ = {isa = PBXFileReference; fileEncoding = 4; lastKnownFileType = sourcecode.swift; path = CVCalendarMenuView.swift; sourceTree = "<group>"; };
		E82A5FA51B45E51A00620154 /* CVCalendarMenuViewDelegate.swift */ = {isa = PBXFileReference; fileEncoding = 4; lastKnownFileType = sourcecode.swift; path = CVCalendarMenuViewDelegate.swift; sourceTree = "<group>"; };
		E82A5FA61B45E51A00620154 /* CVCalendarMonthContentViewController.swift */ = {isa = PBXFileReference; fileEncoding = 4; lastKnownFileType = sourcecode.swift; path = CVCalendarMonthContentViewController.swift; sourceTree = "<group>"; };
		E82A5FA71B45E51A00620154 /* CVCalendarMonthView.swift */ = {isa = PBXFileReference; fileEncoding = 4; lastKnownFileType = sourcecode.swift; path = CVCalendarMonthView.swift; sourceTree = "<group>"; };
		E82A5FA81B45E51A00620154 /* CVCalendarTouchController.swift */ = {isa = PBXFileReference; fileEncoding = 4; lastKnownFileType = sourcecode.swift; path = CVCalendarTouchController.swift; sourceTree = "<group>"; };
		E82A5FA91B45E51A00620154 /* CVCalendarView.swift */ = {isa = PBXFileReference; fileEncoding = 4; lastKnownFileType = sourcecode.swift; path = CVCalendarView.swift; sourceTree = "<group>"; };
		E82A5FAA1B45E51A00620154 /* CVCalendarViewAnimator.swift */ = {isa = PBXFileReference; fileEncoding = 4; lastKnownFileType = sourcecode.swift; path = CVCalendarViewAnimator.swift; sourceTree = "<group>"; };
		E82A5FAB1B45E51A00620154 /* CVCalendarViewAnimatorDelegate.swift */ = {isa = PBXFileReference; fileEncoding = 4; lastKnownFileType = sourcecode.swift; path = CVCalendarViewAnimatorDelegate.swift; sourceTree = "<group>"; };
		E82A5FAC1B45E51A00620154 /* CVCalendarViewAppearance.swift */ = {isa = PBXFileReference; fileEncoding = 4; lastKnownFileType = sourcecode.swift; path = CVCalendarViewAppearance.swift; sourceTree = "<group>"; };
		E82A5FAD1B45E51A00620154 /* CVCalendarViewAppearanceDelegate.swift */ = {isa = PBXFileReference; fileEncoding = 4; lastKnownFileType = sourcecode.swift; path = CVCalendarViewAppearanceDelegate.swift; sourceTree = "<group>"; };
		E82A5FAE1B45E51A00620154 /* CVCalendarViewDelegate.swift */ = {isa = PBXFileReference; fileEncoding = 4; lastKnownFileType = sourcecode.swift; path = CVCalendarViewDelegate.swift; sourceTree = "<group>"; };
		E82A5FAF1B45E51A00620154 /* CVCalendarViewPresentationMode.swift */ = {isa = PBXFileReference; fileEncoding = 4; lastKnownFileType = sourcecode.swift; path = CVCalendarViewPresentationMode.swift; sourceTree = "<group>"; };
		E82A5FB01B45E51A00620154 /* CVCalendarWeekContentViewController.swift */ = {isa = PBXFileReference; fileEncoding = 4; lastKnownFileType = sourcecode.swift; path = CVCalendarWeekContentViewController.swift; sourceTree = "<group>"; };
		E82A5FB11B45E51A00620154 /* CVCalendarWeekday.swift */ = {isa = PBXFileReference; fileEncoding = 4; lastKnownFileType = sourcecode.swift; path = CVCalendarWeekday.swift; sourceTree = "<group>"; };
		E82A5FB21B45E51A00620154 /* CVCalendarWeekView.swift */ = {isa = PBXFileReference; fileEncoding = 4; lastKnownFileType = sourcecode.swift; path = CVCalendarWeekView.swift; sourceTree = "<group>"; };
		E82A5FB31B45E51A00620154 /* CVDate.swift */ = {isa = PBXFileReference; fileEncoding = 4; lastKnownFileType = sourcecode.swift; path = CVDate.swift; sourceTree = "<group>"; };
		E82A5FB41B45E51A00620154 /* CVRange.swift */ = {isa = PBXFileReference; fileEncoding = 4; lastKnownFileType = sourcecode.swift; path = CVRange.swift; sourceTree = "<group>"; };
		E82A5FB51B45E51A00620154 /* CVScrollDirection.swift */ = {isa = PBXFileReference; fileEncoding = 4; lastKnownFileType = sourcecode.swift; path = CVScrollDirection.swift; sourceTree = "<group>"; };
		E82A5FB61B45E51A00620154 /* CVSelectionType.swift */ = {isa = PBXFileReference; fileEncoding = 4; lastKnownFileType = sourcecode.swift; path = CVSelectionType.swift; sourceTree = "<group>"; };
		E82A5FB71B45E51A00620154 /* CVSet.swift */ = {isa = PBXFileReference; fileEncoding = 4; lastKnownFileType = sourcecode.swift; path = CVSet.swift; sourceTree = "<group>"; };
		E82A5FB81B45E51A00620154 /* CVShape.swift */ = {isa = PBXFileReference; fileEncoding = 4; lastKnownFileType = sourcecode.swift; path = CVShape.swift; sourceTree = "<group>"; };
		E82A5FD41B46222600620154 /* DashboardTableViewCell.swift */ = {isa = PBXFileReference; fileEncoding = 4; lastKnownFileType = sourcecode.swift; path = DashboardTableViewCell.swift; sourceTree = "<group>"; };
		E82A5FD71B462A2C00620154 /* RailsRequest.swift */ = {isa = PBXFileReference; fileEncoding = 4; lastKnownFileType = sourcecode.swift; path = RailsRequest.swift; sourceTree = "<group>"; };
		E82DBD9E1B50051300130026 /* ChildrenTableViewCell.swift */ = {isa = PBXFileReference; fileEncoding = 4; lastKnownFileType = sourcecode.swift; path = ChildrenTableViewCell.swift; sourceTree = "<group>"; };
		E83CFB741B5B2808007FACDC /* UserAppointmentViewController.swift */ = {isa = PBXFileReference; fileEncoding = 4; lastKnownFileType = sourcecode.swift; path = UserAppointmentViewController.swift; sourceTree = "<group>"; };
		E83CFB761B5B606D007FACDC /* CarpoolAppointmentViewController.swift */ = {isa = PBXFileReference; fileEncoding = 4; lastKnownFileType = sourcecode.swift; path = CarpoolAppointmentViewController.swift; sourceTree = "<group>"; };
		E83CFB781B5B779C007FACDC /* CarpoolAppointmentTableViewCell.swift */ = {isa = PBXFileReference; fileEncoding = 4; lastKnownFileType = sourcecode.swift; path = CarpoolAppointmentTableViewCell.swift; sourceTree = "<group>"; };
		E83CFB7A1B5BFF27007FACDC /* CarpoolAppointmentDetailViewController.swift */ = {isa = PBXFileReference; fileEncoding = 4; lastKnownFileType = sourcecode.swift; path = CarpoolAppointmentDetailViewController.swift; sourceTree = "<group>"; };
		E83CFB7C1B5BFFC8007FACDC /* JoinAppointmentViewController.swift */ = {isa = PBXFileReference; fileEncoding = 4; lastKnownFileType = sourcecode.swift; path = JoinAppointmentViewController.swift; sourceTree = "<group>"; };
		E83CFB7E1B5C0223007FACDC /* JoinAppointmentTableViewCell.swift */ = {isa = PBXFileReference; fileEncoding = 4; lastKnownFileType = sourcecode.swift; path = JoinAppointmentTableViewCell.swift; sourceTree = "<group>"; };
		E83CFB801B5C3B9C007FACDC /* CarpoolBulletinTableViewCell.swift */ = {isa = PBXFileReference; fileEncoding = 4; lastKnownFileType = sourcecode.swift; path = CarpoolBulletinTableViewCell.swift; sourceTree = "<group>"; };
		E83CFB821B5C3C71007FACDC /* CarpoolBulletionViewController.swift */ = {isa = PBXFileReference; fileEncoding = 4; lastKnownFileType = sourcecode.swift; path = CarpoolBulletionViewController.swift; sourceTree = "<group>"; };
		E83CFB841B5C4AC6007FACDC /* CreatePostViewController.swift */ = {isa = PBXFileReference; fileEncoding = 4; lastKnownFileType = sourcecode.swift; path = CreatePostViewController.swift; sourceTree = "<group>"; };
		E840D92B1B56F4EE003B81F5 /* CarpoolUserTableViewCell.swift */ = {isa = PBXFileReference; fileEncoding = 4; lastKnownFileType = sourcecode.swift; path = CarpoolUserTableViewCell.swift; sourceTree = "<group>"; };
		E84888841B5762DB00E26E35 /* InvitationTableViewCell.swift */ = {isa = PBXFileReference; fileEncoding = 4; lastKnownFileType = sourcecode.swift; path = InvitationTableViewCell.swift; sourceTree = "<group>"; };
		E84888861B589B2200E26E35 /* DashboardViewController.swift */ = {isa = PBXFileReference; fileEncoding = 4; lastKnownFileType = sourcecode.swift; path = DashboardViewController.swift; sourceTree = "<group>"; };
		E85370041B5404550052256D /* EmergencyContactTableViewCell.swift */ = {isa = PBXFileReference; fileEncoding = 4; lastKnownFileType = sourcecode.swift; path = EmergencyContactTableViewCell.swift; sourceTree = "<group>"; };
		E85370061B5404680052256D /* UserContactTableViewCell.swift */ = {isa = PBXFileReference; fileEncoding = 4; lastKnownFileType = sourcecode.swift; path = UserContactTableViewCell.swift; sourceTree = "<group>"; };
		E85C062E1B5340D00030F4B9 /* UpdateUserContactsViewController.swift */ = {isa = PBXFileReference; fileEncoding = 4; lastKnownFileType = sourcecode.swift; path = UpdateUserContactsViewController.swift; sourceTree = "<group>"; };
		E85C06301B53440D0030F4B9 /* UpdateChildContactViewController.swift */ = {isa = PBXFileReference; fileEncoding = 4; lastKnownFileType = sourcecode.swift; path = UpdateChildContactViewController.swift; sourceTree = "<group>"; };
		E85C06321B5344270030F4B9 /* UpdateMedicalViewController.swift */ = {isa = PBXFileReference; fileEncoding = 4; lastKnownFileType = sourcecode.swift; path = UpdateMedicalViewController.swift; sourceTree = "<group>"; };
		E86DCE911B4849E500BAE3AD /* CreateCarPoolButton.swift */ = {isa = PBXFileReference; fileEncoding = 4; lastKnownFileType = sourcecode.swift; path = CreateCarPoolButton.swift; sourceTree = "<group>"; };
		E86DCE9C1B48979C00BAE3AD /* CarpoolDetailViewController.swift */ = {isa = PBXFileReference; fileEncoding = 4; lastKnownFileType = sourcecode.swift; path = CarpoolDetailViewController.swift; sourceTree = "<group>"; };
		E86DCE9F1B48A82100BAE3AD /* BulletinTableViewCell.swift */ = {isa = PBXFileReference; fileEncoding = 4; lastKnownFileType = sourcecode.swift; path = BulletinTableViewCell.swift; sourceTree = "<group>"; };
		E877249C1B4DA1B400117484 /* CarPoolTabBarController.swift */ = {isa = PBXFileReference; fileEncoding = 4; lastKnownFileType = sourcecode.swift; name = CarPoolTabBarController.swift; path = ../CarPoolTabBarController.swift; sourceTree = "<group>"; };
		E877249E1B4E10EA00117484 /* SettingsViewController.swift */ = {isa = PBXFileReference; fileEncoding = 4; lastKnownFileType = sourcecode.swift; path = SettingsViewController.swift; sourceTree = "<group>"; };
		E87724A01B4E218900117484 /* CreateChildViewController.swift */ = {isa = PBXFileReference; fileEncoding = 4; lastKnownFileType = sourcecode.swift; path = CreateChildViewController.swift; sourceTree = "<group>"; };
		E87724A21B4E53B300117484 /* UpdateChildViewController.swift */ = {isa = PBXFileReference; fileEncoding = 4; lastKnownFileType = sourcecode.swift; path = UpdateChildViewController.swift; sourceTree = "<group>"; };
		E8AAF5F11B52D5FD0097510B /* UserContactsViewController.swift */ = {isa = PBXFileReference; fileEncoding = 4; lastKnownFileType = sourcecode.swift; path = UserContactsViewController.swift; sourceTree = "<group>"; };
		E8AAF5F31B52DB600097510B /* CreateUserContactsViewController.swift */ = {isa = PBXFileReference; fileEncoding = 4; lastKnownFileType = sourcecode.swift; path = CreateUserContactsViewController.swift; sourceTree = "<group>"; };
		E8B19D341B5ACF1E000810C9 /* UserAppointmentTableViewCell.swift */ = {isa = PBXFileReference; fileEncoding = 4; lastKnownFileType = sourcecode.swift; path = UserAppointmentTableViewCell.swift; sourceTree = "<group>"; };
		E8B28F451B49908A00BA7C57 /* WelcomeViewController.swift */ = {isa = PBXFileReference; fileEncoding = 4; lastKnownFileType = sourcecode.swift; path = WelcomeViewController.swift; sourceTree = "<group>"; };
		E8B28F4B1B49A96700BA7C57 /* LoginViewController.swift */ = {isa = PBXFileReference; fileEncoding = 4; lastKnownFileType = sourcecode.swift; path = LoginViewController.swift; sourceTree = "<group>"; };
		E8B28F4D1B49A97900BA7C57 /* SignupViewController.swift */ = {isa = PBXFileReference; fileEncoding = 4; lastKnownFileType = sourcecode.swift; path = SignupViewController.swift; sourceTree = "<group>"; };
		E8B7F9171B51897F009E1FCE /* MedicalViewController.swift */ = {isa = PBXFileReference; fileEncoding = 4; lastKnownFileType = sourcecode.swift; path = MedicalViewController.swift; sourceTree = "<group>"; };
		E8B7F9191B51FB38009E1FCE /* EmergencyContactsViewController.swift */ = {isa = PBXFileReference; fileEncoding = 4; lastKnownFileType = sourcecode.swift; path = EmergencyContactsViewController.swift; sourceTree = "<group>"; };
		E8C3F5631B561AB7001AC50D /* CarpoolUserViewController.swift */ = {isa = PBXFileReference; fileEncoding = 4; lastKnownFileType = sourcecode.swift; path = CarpoolUserViewController.swift; sourceTree = "<group>"; };
		E8C3F5651B561B6F001AC50D /* AnswerInvitesViewController.swift */ = {isa = PBXFileReference; fileEncoding = 4; lastKnownFileType = sourcecode.swift; path = AnswerInvitesViewController.swift; sourceTree = "<group>"; };
		E8C3F5671B561E9B001AC50D /* InviteDetailViewController.swift */ = {isa = PBXFileReference; fileEncoding = 4; lastKnownFileType = sourcecode.swift; path = InviteDetailViewController.swift; sourceTree = "<group>"; };
		E8C3F5691B562045001AC50D /* CreateAppointmentViewController.swift */ = {isa = PBXFileReference; fileEncoding = 4; lastKnownFileType = sourcecode.swift; path = CreateAppointmentViewController.swift; sourceTree = "<group>"; };
		E8F1B22C1B49B82100096328 /* GoogleService-Info.plist */ = {isa = PBXFileReference; fileEncoding = 4; lastKnownFileType = text.plist.xml; path = "GoogleService-Info.plist"; sourceTree = "<group>"; };
		E8FDA0371B4B1024005F6D65 /* CarPoolProject-Bridging-Header.h */ = {isa = PBXFileReference; lastKnownFileType = sourcecode.c.h; path = "CarPoolProject-Bridging-Header.h"; sourceTree = "<group>"; };
/* End PBXFileReference section */

/* Begin PBXFrameworksBuildPhase section */
		E82A5F011B45902C00620154 /* Frameworks */ = {
			isa = PBXFrameworksBuildPhase;
			buildActionMask = 2147483647;
			files = (
				18228C26653146DACCA21B5B /* libPods.a in Frameworks */,
			);
			runOnlyForDeploymentPostprocessing = 0;
		};
		E82A5F181B45902C00620154 /* Frameworks */ = {
			isa = PBXFrameworksBuildPhase;
			buildActionMask = 2147483647;
			files = (
			);
			runOnlyForDeploymentPostprocessing = 0;
		};
/* End PBXFrameworksBuildPhase section */

/* Begin PBXGroup section */
		804C7AED7CB8381CF99DCF76 /* Pods */ = {
			isa = PBXGroup;
			children = (
				7069607831A9A7C1A062AEA6 /* Pods.debug.xcconfig */,
				79F5BCC920DE6482DB83D350 /* Pods.release.xcconfig */,
			);
			name = Pods;
			sourceTree = "<group>";
		};
		B7CF8E9995689CFE0BB39690 /* Frameworks */ = {
			isa = PBXGroup;
			children = (
				40335F3894C91927C395541F /* libPods.a */,
			);
			name = Frameworks;
			sourceTree = "<group>";
		};
		E808D8FF1B47A3E5003F1C02 /* Specials */ = {
			isa = PBXGroup;
			children = (
				E82A5FD71B462A2C00620154 /* RailsRequest.swift */,
			);
			name = Specials;
			sourceTree = "<group>";
		};
		E80EF09F1B5F3BFB00947DC0 /* Carpool Flow */ = {
			isa = PBXGroup;
			children = (
				E86DCE9C1B48979C00BAE3AD /* CarpoolDetailViewController.swift */,
				E8C3F5691B562045001AC50D /* CreateAppointmentViewController.swift */,
				E83CFB741B5B2808007FACDC /* UserAppointmentViewController.swift */,
				E80EF0A31B61BD9700947DC0 /* UserAppointmentDetailViewController.swift */,
				E83CFB7A1B5BFF27007FACDC /* CarpoolAppointmentDetailViewController.swift */,
				E83CFB761B5B606D007FACDC /* CarpoolAppointmentViewController.swift */,
				E8C3F5631B561AB7001AC50D /* CarpoolUserViewController.swift */,
				E83CFB7C1B5BFFC8007FACDC /* JoinAppointmentViewController.swift */,
			);
			name = "Carpool Flow";
			sourceTree = "<group>";
		};
		E80EF0A01B603D5A00947DC0 /* Settings Flow */ = {
			isa = PBXGroup;
			children = (
				E877249E1B4E10EA00117484 /* SettingsViewController.swift */,
				E87724A01B4E218900117484 /* CreateChildViewController.swift */,
				E87724A21B4E53B300117484 /* UpdateChildViewController.swift */,
				E8B7F9171B51897F009E1FCE /* MedicalViewController.swift */,
				E8B7F9191B51FB38009E1FCE /* EmergencyContactsViewController.swift */,
				E8AAF5F11B52D5FD0097510B /* UserContactsViewController.swift */,
				E8AAF5F31B52DB600097510B /* CreateUserContactsViewController.swift */,
				E85C062E1B5340D00030F4B9 /* UpdateUserContactsViewController.swift */,
				E85C06301B53440D0030F4B9 /* UpdateChildContactViewController.swift */,
				E85C06321B5344270030F4B9 /* UpdateMedicalViewController.swift */,
				E80B60B21B538088006136EA /* EmergencyContactListViewController.swift */,
			);
			name = "Settings Flow";
			sourceTree = "<group>";
		};
		E82A5EFB1B45902C00620154 = {
			isa = PBXGroup;
			children = (
				E82A5F061B45902C00620154 /* CarPoolProject */,
				E82A5F1E1B45902C00620154 /* CarPoolProjectTests */,
				E82A5F051B45902C00620154 /* Products */,
				E82A5F9E1B45E4EF00620154 /* CVCalendar */,
				804C7AED7CB8381CF99DCF76 /* Pods */,
				B7CF8E9995689CFE0BB39690 /* Frameworks */,
				E8FDA0371B4B1024005F6D65 /* CarPoolProject-Bridging-Header.h */,
			);
			sourceTree = "<group>";
		};
		E82A5F051B45902C00620154 /* Products */ = {
			isa = PBXGroup;
			children = (
				E82A5F041B45902C00620154 /* CarPoolProject.app */,
				E82A5F1B1B45902C00620154 /* CarPoolProjectTests.xctest */,
			);
			name = Products;
			sourceTree = "<group>";
		};
		E82A5F061B45902C00620154 /* CarPoolProject */ = {
			isa = PBXGroup;
			children = (
				E82A5F0F1B45902C00620154 /* Main.storyboard */,
				E877249C1B4DA1B400117484 /* CarPoolTabBarController.swift */,
				E8B28F441B49905D00BA7C57 /* Login Flow */,
				E86DCE931B48584B00BAE3AD /* DashboardFlow */,
				E86DCE951B4858B300BAE3AD /* BulletinboardFlow */,
				E86DCE941B4858A100BAE3AD /* MapFlow */,
				E808D8FF1B47A3E5003F1C02 /* Specials */,
				E82A5F071B45902C00620154 /* Supporting Files */,
			);
			path = CarPoolProject;
			sourceTree = "<group>";
		};
		E82A5F071B45902C00620154 /* Supporting Files */ = {
			isa = PBXGroup;
			children = (
				E82A5F091B45902C00620154 /* AppDelegate.swift */,
				E82A5F121B45902C00620154 /* Images.xcassets */,
				E82A5F141B45902C00620154 /* LaunchScreen.xib */,
				E82A5F081B45902C00620154 /* Info.plist */,
				E8F1B22C1B49B82100096328 /* GoogleService-Info.plist */,
			);
			name = "Supporting Files";
			sourceTree = "<group>";
		};
		E82A5F1E1B45902C00620154 /* CarPoolProjectTests */ = {
			isa = PBXGroup;
			children = (
				E82A5F211B45902C00620154 /* CarPoolProjectTests.swift */,
				E82A5F1F1B45902C00620154 /* Supporting Files */,
			);
			path = CarPoolProjectTests;
			sourceTree = "<group>";
		};
		E82A5F1F1B45902C00620154 /* Supporting Files */ = {
			isa = PBXGroup;
			children = (
				E82A5F201B45902C00620154 /* Info.plist */,
			);
			name = "Supporting Files";
			sourceTree = "<group>";
		};
		E82A5F991B45DBE800620154 /* Controllers */ = {
			isa = PBXGroup;
			children = (
				E84888861B589B2200E26E35 /* DashboardViewController.swift */,
				E89857621B5F166E008E242F /* Invite Flow */,
				E80EF09F1B5F3BFB00947DC0 /* Carpool Flow */,
				E80EF0A01B603D5A00947DC0 /* Settings Flow */,
			);
			name = Controllers;
			sourceTree = "<group>";
		};
		E82A5F9E1B45E4EF00620154 /* CVCalendar */ = {
			isa = PBXGroup;
			children = (
				E82A5F9F1B45E51A00620154 /* CVAuxiliaryView.swift */,
				E82A5FA01B45E51A00620154 /* CVCalendarContentViewController.swift */,
				E82A5FA11B45E51A00620154 /* CVCalendarDayView.swift */,
				E82A5FA21B45E51A00620154 /* CVCalendarDayViewControlCoordinator.swift */,
				E82A5FA31B45E51A00620154 /* CVCalendarManager.swift */,
				E82A5FA41B45E51A00620154 /* CVCalendarMenuView.swift */,
				E82A5FA51B45E51A00620154 /* CVCalendarMenuViewDelegate.swift */,
				E82A5FA61B45E51A00620154 /* CVCalendarMonthContentViewController.swift */,
				E82A5FA71B45E51A00620154 /* CVCalendarMonthView.swift */,
				E82A5FA81B45E51A00620154 /* CVCalendarTouchController.swift */,
				E82A5FA91B45E51A00620154 /* CVCalendarView.swift */,
				E82A5FAA1B45E51A00620154 /* CVCalendarViewAnimator.swift */,
				E82A5FAB1B45E51A00620154 /* CVCalendarViewAnimatorDelegate.swift */,
				E82A5FAC1B45E51A00620154 /* CVCalendarViewAppearance.swift */,
				E82A5FAD1B45E51A00620154 /* CVCalendarViewAppearanceDelegate.swift */,
				E82A5FAE1B45E51A00620154 /* CVCalendarViewDelegate.swift */,
				E82A5FAF1B45E51A00620154 /* CVCalendarViewPresentationMode.swift */,
				E82A5FB01B45E51A00620154 /* CVCalendarWeekContentViewController.swift */,
				E82A5FB11B45E51A00620154 /* CVCalendarWeekday.swift */,
				E82A5FB21B45E51A00620154 /* CVCalendarWeekView.swift */,
				E82A5FB31B45E51A00620154 /* CVDate.swift */,
				E82A5FB41B45E51A00620154 /* CVRange.swift */,
				E82A5FB51B45E51A00620154 /* CVScrollDirection.swift */,
				E82A5FB61B45E51A00620154 /* CVSelectionType.swift */,
				E82A5FB71B45E51A00620154 /* CVSet.swift */,
				E82A5FB81B45E51A00620154 /* CVShape.swift */,
			);
			name = CVCalendar;
			sourceTree = "<group>";
		};
		E82A5FD31B4621D500620154 /* Irregulars */ = {
			isa = PBXGroup;
			children = (
				E82A5FD41B46222600620154 /* DashboardTableViewCell.swift */,
				E808D9001B47A408003F1C02 /* GradientView.swift */,
				E82DBD9E1B50051300130026 /* ChildrenTableViewCell.swift */,
				E85370041B5404550052256D /* EmergencyContactTableViewCell.swift */,
				E85370061B5404680052256D /* UserContactTableViewCell.swift */,
				E840D92B1B56F4EE003B81F5 /* CarpoolUserTableViewCell.swift */,
				E84888841B5762DB00E26E35 /* InvitationTableViewCell.swift */,
				E8B19D341B5ACF1E000810C9 /* UserAppointmentTableViewCell.swift */,
				E83CFB781B5B779C007FACDC /* CarpoolAppointmentTableViewCell.swift */,
				E83CFB7E1B5C0223007FACDC /* JoinAppointmentTableViewCell.swift */,
				E80EF0A11B61A10800947DC0 /* AppointmentDetailTableViewCell.swift */,
			);
			name = Irregulars;
			sourceTree = "<group>";
		};
		E82A5FD61B4629F200620154 /* Regulars */ = {
			isa = PBXGroup;
			children = (
				E86DCE911B4849E500BAE3AD /* CreateCarPoolButton.swift */,
			);
			name = Regulars;
			sourceTree = "<group>";
		};
		E86DCE931B48584B00BAE3AD /* DashboardFlow */ = {
			isa = PBXGroup;
			children = (
				E82A5F991B45DBE800620154 /* Controllers */,
				E82A5FD31B4621D500620154 /* Irregulars */,
				E82A5FD61B4629F200620154 /* Regulars */,
			);
			name = DashboardFlow;
			sourceTree = "<group>";
		};
		E86DCE941B4858A100BAE3AD /* MapFlow */ = {
			isa = PBXGroup;
			children = (
				E86DCE961B4858D300BAE3AD /* Controllers */,
			);
			name = MapFlow;
			sourceTree = "<group>";
		};
		E86DCE951B4858B300BAE3AD /* BulletinboardFlow */ = {
			isa = PBXGroup;
			children = (
				E86DCE971B4858E800BAE3AD /* Controllers */,
				E86DCE9E1B48A7FE00BAE3AD /* Irregulars */,
			);
			name = BulletinboardFlow;
			sourceTree = "<group>";
		};
		E86DCE961B4858D300BAE3AD /* Controllers */ = {
			isa = PBXGroup;
			children = (
				E82A5F9A1B45DC6200620154 /* MapViewController.swift */,
			);
			name = Controllers;
			sourceTree = "<group>";
		};
		E86DCE971B4858E800BAE3AD /* Controllers */ = {
			isa = PBXGroup;
			children = (
				E83CFB821B5C3C71007FACDC /* CarpoolBulletionViewController.swift */,
				E82A5F9C1B45E47C00620154 /* BulletinTableViewController.swift */,
				E83CFB841B5C4AC6007FACDC /* CreatePostViewController.swift */,
			);
			name = Controllers;
			sourceTree = "<group>";
		};
		E86DCE9E1B48A7FE00BAE3AD /* Irregulars */ = {
			isa = PBXGroup;
			children = (
				E83CFB801B5C3B9C007FACDC /* CarpoolBulletinTableViewCell.swift */,
				E86DCE9F1B48A82100BAE3AD /* BulletinTableViewCell.swift */,
			);
			name = Irregulars;
			sourceTree = "<group>";
		};
		E89857621B5F166E008E242F /* Invite Flow */ = {
			isa = PBXGroup;
			children = (
				E8C3F5651B561B6F001AC50D /* AnswerInvitesViewController.swift */,
				E8C3F5671B561E9B001AC50D /* InviteDetailViewController.swift */,
			);
			name = "Invite Flow";
			sourceTree = "<group>";
		};
		E8B28F441B49905D00BA7C57 /* Login Flow */ = {
			isa = PBXGroup;
			children = (
				E8B28F471B49961000BA7C57 /* Controllers */,
				E8B28F481B49962300BA7C57 /* Irregulars */,
			);
			name = "Login Flow";
			sourceTree = "<group>";
		};
		E8B28F471B49961000BA7C57 /* Controllers */ = {
			isa = PBXGroup;
			children = (
				E8B28F451B49908A00BA7C57 /* WelcomeViewController.swift */,
				E8B28F4B1B49A96700BA7C57 /* LoginViewController.swift */,
				E8B28F4D1B49A97900BA7C57 /* SignupViewController.swift */,
			);
			name = Controllers;
			sourceTree = "<group>";
		};
		E8B28F481B49962300BA7C57 /* Irregulars */ = {
			isa = PBXGroup;
			children = (
			);
			name = Irregulars;
			sourceTree = "<group>";
		};
/* End PBXGroup section */

/* Begin PBXNativeTarget section */
		E82A5F031B45902C00620154 /* CarPoolProject */ = {
			isa = PBXNativeTarget;
			buildConfigurationList = E82A5F251B45902C00620154 /* Build configuration list for PBXNativeTarget "CarPoolProject" */;
			buildPhases = (
				E88E35016659768365AD4383 /* Check Pods Manifest.lock */,
				E82A5F001B45902C00620154 /* Sources */,
				E82A5F011B45902C00620154 /* Frameworks */,
				E82A5F021B45902C00620154 /* Resources */,
				6321913449BCCDFAC822EC58 /* Copy Pods Resources */,
			);
			buildRules = (
			);
			dependencies = (
			);
			name = CarPoolProject;
			productName = CarPoolProject;
			productReference = E82A5F041B45902C00620154 /* CarPoolProject.app */;
			productType = "com.apple.product-type.application";
		};
		E82A5F1A1B45902C00620154 /* CarPoolProjectTests */ = {
			isa = PBXNativeTarget;
			buildConfigurationList = E82A5F281B45902C00620154 /* Build configuration list for PBXNativeTarget "CarPoolProjectTests" */;
			buildPhases = (
				E82A5F171B45902C00620154 /* Sources */,
				E82A5F181B45902C00620154 /* Frameworks */,
				E82A5F191B45902C00620154 /* Resources */,
			);
			buildRules = (
			);
			dependencies = (
				E82A5F1D1B45902C00620154 /* PBXTargetDependency */,
			);
			name = CarPoolProjectTests;
			productName = CarPoolProjectTests;
			productReference = E82A5F1B1B45902C00620154 /* CarPoolProjectTests.xctest */;
			productType = "com.apple.product-type.bundle.unit-test";
		};
/* End PBXNativeTarget section */

/* Begin PBXProject section */
		E82A5EFC1B45902C00620154 /* Project object */ = {
			isa = PBXProject;
			attributes = {
				LastUpgradeCheck = 0640;
				ORGANIZATIONNAME = "Christopher Wainwright Aaron";
				TargetAttributes = {
					E82A5F031B45902C00620154 = {
						CreatedOnToolsVersion = 6.4;
						DevelopmentTeam = 5Q5G9PV6WL;
					};
					E82A5F1A1B45902C00620154 = {
						CreatedOnToolsVersion = 6.4;
						TestTargetID = E82A5F031B45902C00620154;
					};
				};
			};
			buildConfigurationList = E82A5EFF1B45902C00620154 /* Build configuration list for PBXProject "CarPoolProject" */;
			compatibilityVersion = "Xcode 3.2";
			developmentRegion = English;
			hasScannedForEncodings = 0;
			knownRegions = (
				en,
				Base,
			);
			mainGroup = E82A5EFB1B45902C00620154;
			productRefGroup = E82A5F051B45902C00620154 /* Products */;
			projectDirPath = "";
			projectRoot = "";
			targets = (
				E82A5F031B45902C00620154 /* CarPoolProject */,
				E82A5F1A1B45902C00620154 /* CarPoolProjectTests */,
			);
		};
/* End PBXProject section */

/* Begin PBXResourcesBuildPhase section */
		E82A5F021B45902C00620154 /* Resources */ = {
			isa = PBXResourcesBuildPhase;
			buildActionMask = 2147483647;
			files = (
				E82A5F111B45902C00620154 /* Main.storyboard in Resources */,
				E8F1B22D1B49B82100096328 /* GoogleService-Info.plist in Resources */,
				E82A5F161B45902C00620154 /* LaunchScreen.xib in Resources */,
				E82A5F131B45902C00620154 /* Images.xcassets in Resources */,
			);
			runOnlyForDeploymentPostprocessing = 0;
		};
		E82A5F191B45902C00620154 /* Resources */ = {
			isa = PBXResourcesBuildPhase;
			buildActionMask = 2147483647;
			files = (
				E8F1B22E1B49B82100096328 /* GoogleService-Info.plist in Resources */,
			);
			runOnlyForDeploymentPostprocessing = 0;
		};
/* End PBXResourcesBuildPhase section */

/* Begin PBXShellScriptBuildPhase section */
		6321913449BCCDFAC822EC58 /* Copy Pods Resources */ = {
			isa = PBXShellScriptBuildPhase;
			buildActionMask = 2147483647;
			files = (
			);
			inputPaths = (
			);
			name = "Copy Pods Resources";
			outputPaths = (
			);
			runOnlyForDeploymentPostprocessing = 0;
			shellPath = /bin/sh;
			shellScript = "\"${SRCROOT}/Pods/Target Support Files/Pods/Pods-resources.sh\"\n";
			showEnvVarsInLog = 0;
		};
		E88E35016659768365AD4383 /* Check Pods Manifest.lock */ = {
			isa = PBXShellScriptBuildPhase;
			buildActionMask = 2147483647;
			files = (
			);
			inputPaths = (
			);
			name = "Check Pods Manifest.lock";
			outputPaths = (
			);
			runOnlyForDeploymentPostprocessing = 0;
			shellPath = /bin/sh;
			shellScript = "diff \"${PODS_ROOT}/../Podfile.lock\" \"${PODS_ROOT}/Manifest.lock\" > /dev/null\nif [[ $? != 0 ]] ; then\n    cat << EOM\nerror: The sandbox is not in sync with the Podfile.lock. Run 'pod install' or update your CocoaPods installation.\nEOM\n    exit 1\nfi\n";
			showEnvVarsInLog = 0;
		};
/* End PBXShellScriptBuildPhase section */

/* Begin PBXSourcesBuildPhase section */
		E82A5F001B45902C00620154 /* Sources */ = {
			isa = PBXSourcesBuildPhase;
			buildActionMask = 2147483647;
			files = (
				E82A5FC41B45E51A00620154 /* CVCalendarViewAnimator.swift in Sources */,
				E82A5FCF1B45E51A00620154 /* CVScrollDirection.swift in Sources */,
				E808D9011B47A408003F1C02 /* GradientView.swift in Sources */,
				E82A5FC21B45E51A00620154 /* CVCalendarTouchController.swift in Sources */,
				E86DCE921B4849E500BAE3AD /* CreateCarPoolButton.swift in Sources */,
				E87724A11B4E218900117484 /* CreateChildViewController.swift in Sources */,
				E83CFB831B5C3C71007FACDC /* CarpoolBulletionViewController.swift in Sources */,
				E8C3F56A1B562045001AC50D /* CreateAppointmentViewController.swift in Sources */,
				E84888871B589B2200E26E35 /* DashboardViewController.swift in Sources */,
				E82A5F0A1B45902C00620154 /* AppDelegate.swift in Sources */,
				E85C06331B5344270030F4B9 /* UpdateMedicalViewController.swift in Sources */,
				E8B28F461B49908A00BA7C57 /* WelcomeViewController.swift in Sources */,
				E82A5FBA1B45E51A00620154 /* CVCalendarContentViewController.swift in Sources */,
				E82A5FD01B45E51A00620154 /* CVSelectionType.swift in Sources */,
				E82A5FB91B45E51A00620154 /* CVAuxiliaryView.swift in Sources */,
				E840D92C1B56F4EE003B81F5 /* CarpoolUserTableViewCell.swift in Sources */,
				E82A5FC71B45E51A00620154 /* CVCalendarViewAppearanceDelegate.swift in Sources */,
				E8B19D351B5ACF1E000810C9 /* UserAppointmentTableViewCell.swift in Sources */,
				E877249D1B4DA1B400117484 /* CarPoolTabBarController.swift in Sources */,
				E8B7F91A1B51FB38009E1FCE /* EmergencyContactsViewController.swift in Sources */,
				E8C3F5661B561B6F001AC50D /* AnswerInvitesViewController.swift in Sources */,
				E80B60B31B538088006136EA /* EmergencyContactListViewController.swift in Sources */,
				E82A5FCE1B45E51A00620154 /* CVRange.swift in Sources */,
				E8B7F9181B51897F009E1FCE /* MedicalViewController.swift in Sources */,
				E8AAF5F41B52DB600097510B /* CreateUserContactsViewController.swift in Sources */,
				E83CFB791B5B779C007FACDC /* CarpoolAppointmentTableViewCell.swift in Sources */,
				E8AAF5F21B52D5FD0097510B /* UserContactsViewController.swift in Sources */,
				E82A5FBD1B45E51A00620154 /* CVCalendarManager.swift in Sources */,
				E82A5FCB1B45E51A00620154 /* CVCalendarWeekday.swift in Sources */,
				E87724A31B4E53B300117484 /* UpdateChildViewController.swift in Sources */,
				E86DCE9D1B48979C00BAE3AD /* CarpoolDetailViewController.swift in Sources */,
				E83CFB7B1B5BFF27007FACDC /* CarpoolAppointmentDetailViewController.swift in Sources */,
				E86DCEA01B48A82100BAE3AD /* BulletinTableViewCell.swift in Sources */,
				E84888851B5762DB00E26E35 /* InvitationTableViewCell.swift in Sources */,
				E83CFB771B5B606D007FACDC /* CarpoolAppointmentViewController.swift in Sources */,
				E83CFB7D1B5BFFC8007FACDC /* JoinAppointmentViewController.swift in Sources */,
				E83CFB811B5C3B9C007FACDC /* CarpoolBulletinTableViewCell.swift in Sources */,
				E82A5FC01B45E51A00620154 /* CVCalendarMonthContentViewController.swift in Sources */,
				E82A5FCD1B45E51A00620154 /* CVDate.swift in Sources */,
				E82A5FC61B45E51A00620154 /* CVCalendarViewAppearance.swift in Sources */,
				E82A5FBE1B45E51A00620154 /* CVCalendarMenuView.swift in Sources */,
				E82A5FC11B45E51A00620154 /* CVCalendarMonthView.swift in Sources */,
				E82A5FC51B45E51A00620154 /* CVCalendarViewAnimatorDelegate.swift in Sources */,
				E877249F1B4E10EA00117484 /* SettingsViewController.swift in Sources */,
				E83CFB7F1B5C0223007FACDC /* JoinAppointmentTableViewCell.swift in Sources */,
				E82A5FD81B462A2C00620154 /* RailsRequest.swift in Sources */,
				E82A5FCC1B45E51A00620154 /* CVCalendarWeekView.swift in Sources */,
				E82A5FC31B45E51A00620154 /* CVCalendarView.swift in Sources */,
				E82A5FBF1B45E51A00620154 /* CVCalendarMenuViewDelegate.swift in Sources */,
				E82A5FD21B45E51A00620154 /* CVShape.swift in Sources */,
				E83CFB851B5C4AC6007FACDC /* CreatePostViewController.swift in Sources */,
				E85C062F1B5340D00030F4B9 /* UpdateUserContactsViewController.swift in Sources */,
				E80EF0A41B61BD9700947DC0 /* UserAppointmentDetailViewController.swift in Sources */,
				E85C06311B53440D0030F4B9 /* UpdateChildContactViewController.swift in Sources */,
				E8B28F4C1B49A96700BA7C57 /* LoginViewController.swift in Sources */,
				E80EF0A21B61A10800947DC0 /* AppointmentDetailTableViewCell.swift in Sources */,
				E85370071B5404680052256D /* UserContactTableViewCell.swift in Sources */,
				E82A5FBB1B45E51A00620154 /* CVCalendarDayView.swift in Sources */,
				E82A5FC81B45E51A00620154 /* CVCalendarViewDelegate.swift in Sources */,
				E8B28F4E1B49A97900BA7C57 /* SignupViewController.swift in Sources */,
				E82A5FCA1B45E51A00620154 /* CVCalendarWeekContentViewController.swift in Sources */,
				E82A5FD51B46222600620154 /* DashboardTableViewCell.swift in Sources */,
				E82DBD9F1B50051300130026 /* ChildrenTableViewCell.swift in Sources */,
				E82A5FBC1B45E51A00620154 /* CVCalendarDayViewControlCoordinator.swift in Sources */,
				E85370051B5404550052256D /* EmergencyContactTableViewCell.swift in Sources */,
				E82A5FD11B45E51A00620154 /* CVSet.swift in Sources */,
				E82A5FC91B45E51A00620154 /* CVCalendarViewPresentationMode.swift in Sources */,
				E82A5F9D1B45E47C00620154 /* BulletinTableViewController.swift in Sources */,
				E8C3F5681B561E9B001AC50D /* InviteDetailViewController.swift in Sources */,
				E82A5F9B1B45DC6200620154 /* MapViewController.swift in Sources */,
				E8C3F5641B561AB7001AC50D /* CarpoolUserViewController.swift in Sources */,
				E83CFB751B5B2808007FACDC /* UserAppointmentViewController.swift in Sources */,
			);
			runOnlyForDeploymentPostprocessing = 0;
		};
		E82A5F171B45902C00620154 /* Sources */ = {
			isa = PBXSourcesBuildPhase;
			buildActionMask = 2147483647;
			files = (
				E82A5F221B45902C00620154 /* CarPoolProjectTests.swift in Sources */,
			);
			runOnlyForDeploymentPostprocessing = 0;
		};
/* End PBXSourcesBuildPhase section */

/* Begin PBXTargetDependency section */
		E82A5F1D1B45902C00620154 /* PBXTargetDependency */ = {
			isa = PBXTargetDependency;
			target = E82A5F031B45902C00620154 /* CarPoolProject */;
			targetProxy = E82A5F1C1B45902C00620154 /* PBXContainerItemProxy */;
		};
/* End PBXTargetDependency section */

/* Begin PBXVariantGroup section */
		E82A5F0F1B45902C00620154 /* Main.storyboard */ = {
			isa = PBXVariantGroup;
			children = (
				E82A5F101B45902C00620154 /* Base */,
			);
			name = Main.storyboard;
			sourceTree = "<group>";
		};
		E82A5F141B45902C00620154 /* LaunchScreen.xib */ = {
			isa = PBXVariantGroup;
			children = (
				E82A5F151B45902C00620154 /* Base */,
			);
			name = LaunchScreen.xib;
			sourceTree = "<group>";
		};
/* End PBXVariantGroup section */

/* Begin XCBuildConfiguration section */
		E82A5F231B45902C00620154 /* Debug */ = {
			isa = XCBuildConfiguration;
			buildSettings = {
				ALWAYS_SEARCH_USER_PATHS = NO;
				CLANG_CXX_LANGUAGE_STANDARD = "gnu++0x";
				CLANG_CXX_LIBRARY = "libc++";
				CLANG_ENABLE_MODULES = YES;
				CLANG_ENABLE_OBJC_ARC = YES;
				CLANG_WARN_BOOL_CONVERSION = YES;
				CLANG_WARN_CONSTANT_CONVERSION = YES;
				CLANG_WARN_DIRECT_OBJC_ISA_USAGE = YES_ERROR;
				CLANG_WARN_EMPTY_BODY = YES;
				CLANG_WARN_ENUM_CONVERSION = YES;
				CLANG_WARN_INT_CONVERSION = YES;
				CLANG_WARN_OBJC_ROOT_CLASS = YES_ERROR;
				CLANG_WARN_UNREACHABLE_CODE = YES;
				CLANG_WARN__DUPLICATE_METHOD_MATCH = YES;
				"CODE_SIGN_IDENTITY[sdk=iphoneos*]" = "iPhone Developer";
				COPY_PHASE_STRIP = NO;
				DEBUG_INFORMATION_FORMAT = "dwarf-with-dsym";
				ENABLE_STRICT_OBJC_MSGSEND = YES;
				GCC_C_LANGUAGE_STANDARD = gnu99;
				GCC_DYNAMIC_NO_PIC = NO;
				GCC_NO_COMMON_BLOCKS = YES;
				GCC_OPTIMIZATION_LEVEL = 0;
				GCC_PREPROCESSOR_DEFINITIONS = (
					"DEBUG=1",
					"$(inherited)",
				);
				GCC_SYMBOLS_PRIVATE_EXTERN = NO;
				GCC_WARN_64_TO_32_BIT_CONVERSION = YES;
				GCC_WARN_ABOUT_RETURN_TYPE = YES_ERROR;
				GCC_WARN_UNDECLARED_SELECTOR = YES;
				GCC_WARN_UNINITIALIZED_AUTOS = YES_AGGRESSIVE;
				GCC_WARN_UNUSED_FUNCTION = YES;
				GCC_WARN_UNUSED_VARIABLE = YES;
				IPHONEOS_DEPLOYMENT_TARGET = 8.4;
				MTL_ENABLE_DEBUG_INFO = YES;
				ONLY_ACTIVE_ARCH = YES;
				SDKROOT = iphoneos;
				SWIFT_OPTIMIZATION_LEVEL = "-Onone";
				TARGETED_DEVICE_FAMILY = "1,2";
			};
			name = Debug;
		};
		E82A5F241B45902C00620154 /* Release */ = {
			isa = XCBuildConfiguration;
			buildSettings = {
				ALWAYS_SEARCH_USER_PATHS = NO;
				CLANG_CXX_LANGUAGE_STANDARD = "gnu++0x";
				CLANG_CXX_LIBRARY = "libc++";
				CLANG_ENABLE_MODULES = YES;
				CLANG_ENABLE_OBJC_ARC = YES;
				CLANG_WARN_BOOL_CONVERSION = YES;
				CLANG_WARN_CONSTANT_CONVERSION = YES;
				CLANG_WARN_DIRECT_OBJC_ISA_USAGE = YES_ERROR;
				CLANG_WARN_EMPTY_BODY = YES;
				CLANG_WARN_ENUM_CONVERSION = YES;
				CLANG_WARN_INT_CONVERSION = YES;
				CLANG_WARN_OBJC_ROOT_CLASS = YES_ERROR;
				CLANG_WARN_UNREACHABLE_CODE = YES;
				CLANG_WARN__DUPLICATE_METHOD_MATCH = YES;
				"CODE_SIGN_IDENTITY[sdk=iphoneos*]" = "iPhone Developer";
				COPY_PHASE_STRIP = NO;
				DEBUG_INFORMATION_FORMAT = "dwarf-with-dsym";
				ENABLE_NS_ASSERTIONS = NO;
				ENABLE_STRICT_OBJC_MSGSEND = YES;
				GCC_C_LANGUAGE_STANDARD = gnu99;
				GCC_NO_COMMON_BLOCKS = YES;
				GCC_WARN_64_TO_32_BIT_CONVERSION = YES;
				GCC_WARN_ABOUT_RETURN_TYPE = YES_ERROR;
				GCC_WARN_UNDECLARED_SELECTOR = YES;
				GCC_WARN_UNINITIALIZED_AUTOS = YES_AGGRESSIVE;
				GCC_WARN_UNUSED_FUNCTION = YES;
				GCC_WARN_UNUSED_VARIABLE = YES;
				IPHONEOS_DEPLOYMENT_TARGET = 8.4;
				MTL_ENABLE_DEBUG_INFO = NO;
				SDKROOT = iphoneos;
				TARGETED_DEVICE_FAMILY = "1,2";
				VALIDATE_PRODUCT = YES;
			};
			name = Release;
		};
		E82A5F261B45902C00620154 /* Debug */ = {
			isa = XCBuildConfiguration;
			baseConfigurationReference = 7069607831A9A7C1A062AEA6 /* Pods.debug.xcconfig */;
			buildSettings = {
				ASSETCATALOG_COMPILER_APPICON_NAME = AppIcon;
				CLANG_ENABLE_MODULES = YES;
				CODE_SIGN_IDENTITY = "iPhone Developer";
				INFOPLIST_FILE = CarPoolProject/Info.plist;
				LD_RUNPATH_SEARCH_PATHS = "$(inherited) @executable_path/Frameworks";
				PRODUCT_NAME = "$(TARGET_NAME)";
				SWIFT_OBJC_BRIDGING_HEADER = "CarPoolProject-Bridging-Header.h";
				SWIFT_OPTIMIZATION_LEVEL = "-Onone";
				TARGETED_DEVICE_FAMILY = 1;
			};
			name = Debug;
		};
		E82A5F271B45902C00620154 /* Release */ = {
			isa = XCBuildConfiguration;
			baseConfigurationReference = 79F5BCC920DE6482DB83D350 /* Pods.release.xcconfig */;
			buildSettings = {
				ASSETCATALOG_COMPILER_APPICON_NAME = AppIcon;
				CLANG_ENABLE_MODULES = YES;
				CODE_SIGN_IDENTITY = "iPhone Developer";
				INFOPLIST_FILE = CarPoolProject/Info.plist;
				LD_RUNPATH_SEARCH_PATHS = "$(inherited) @executable_path/Frameworks";
				PRODUCT_NAME = "$(TARGET_NAME)";
				SWIFT_OBJC_BRIDGING_HEADER = "CarPoolProject-Bridging-Header.h";
				TARGETED_DEVICE_FAMILY = 1;
			};
			name = Release;
		};
		E82A5F291B45902C00620154 /* Debug */ = {
			isa = XCBuildConfiguration;
			buildSettings = {
				BUNDLE_LOADER = "$(TEST_HOST)";
				FRAMEWORK_SEARCH_PATHS = (
					"$(SDKROOT)/Developer/Library/Frameworks",
					"$(inherited)",
				);
				GCC_PREPROCESSOR_DEFINITIONS = (
					"DEBUG=1",
					"$(inherited)",
				);
				INFOPLIST_FILE = CarPoolProjectTests/Info.plist;
				LD_RUNPATH_SEARCH_PATHS = "$(inherited) @executable_path/Frameworks @loader_path/Frameworks";
				PRODUCT_NAME = "$(TARGET_NAME)";
				TEST_HOST = "$(BUILT_PRODUCTS_DIR)/CarPoolProject.app/CarPoolProject";
			};
			name = Debug;
		};
		E82A5F2A1B45902C00620154 /* Release */ = {
			isa = XCBuildConfiguration;
			buildSettings = {
				BUNDLE_LOADER = "$(TEST_HOST)";
				FRAMEWORK_SEARCH_PATHS = (
					"$(SDKROOT)/Developer/Library/Frameworks",
					"$(inherited)",
				);
				INFOPLIST_FILE = CarPoolProjectTests/Info.plist;
				LD_RUNPATH_SEARCH_PATHS = "$(inherited) @executable_path/Frameworks @loader_path/Frameworks";
				PRODUCT_NAME = "$(TARGET_NAME)";
				TEST_HOST = "$(BUILT_PRODUCTS_DIR)/CarPoolProject.app/CarPoolProject";
			};
			name = Release;
		};
/* End XCBuildConfiguration section */

/* Begin XCConfigurationList section */
		E82A5EFF1B45902C00620154 /* Build configuration list for PBXProject "CarPoolProject" */ = {
			isa = XCConfigurationList;
			buildConfigurations = (
				E82A5F231B45902C00620154 /* Debug */,
				E82A5F241B45902C00620154 /* Release */,
			);
			defaultConfigurationIsVisible = 0;
			defaultConfigurationName = Release;
		};
		E82A5F251B45902C00620154 /* Build configuration list for PBXNativeTarget "CarPoolProject" */ = {
			isa = XCConfigurationList;
			buildConfigurations = (
				E82A5F261B45902C00620154 /* Debug */,
				E82A5F271B45902C00620154 /* Release */,
			);
			defaultConfigurationIsVisible = 0;
			defaultConfigurationName = Release;
		};
		E82A5F281B45902C00620154 /* Build configuration list for PBXNativeTarget "CarPoolProjectTests" */ = {
			isa = XCConfigurationList;
			buildConfigurations = (
				E82A5F291B45902C00620154 /* Debug */,
				E82A5F2A1B45902C00620154 /* Release */,
			);
			defaultConfigurationIsVisible = 0;
			defaultConfigurationName = Release;
		};
/* End XCConfigurationList section */
	};
	rootObject = E82A5EFC1B45902C00620154 /* Project object */;
}
